
Microsoft Visual Studio Solution File, Format Version 12.00
# Visual Studio Version 17
VisualStudioVersion = 17.0.32112.339
MinimumVisualStudioVersion = 10.0.40219.1
Project("{9A19103F-16F7-4668-BE54-9A1E7A4F7556}") = "CodeFirstProject", "WebProject\CodeFirstProject.csproj", "{BBE20D74-BF03-49A0-8F61-6C0E84FAD9D5}"
EndProject
Global
	GlobalSection(SolutionConfigurationPlatforms) = preSolution
		Debug|Any CPU = Debug|Any CPU
		Release|Any CPU = Release|Any CPU
	EndGlobalSection
	GlobalSection(ProjectConfigurationPlatforms) = postSolution
		{BBE20D74-BF03-49A0-8F61-6C0E84FAD9D5}.Debug|Any CPU.ActiveCfg = Debug|Any CPU
		{BBE20D74-BF03-49A0-8F61-6C0E84FAD9D5}.Debug|Any CPU.Build.0 = Debug|Any CPU
		{BBE20D74-BF03-49A0-8F61-6C0E84FAD9D5}.Release|Any CPU.ActiveCfg = Release|Any CPU
		{BBE20D74-BF03-49A0-8F61-6C0E84FAD9D5}.Release|Any CPU.Build.0 = Release|Any CPU
	EndGlobalSection
	GlobalSection(SolutionProperties) = preSolution
		HideSolutionNode = FALSE
	EndGlobalSection
	GlobalSection(ExtensibilityGlobals) = postSolution
		SolutionGuid = {8070DA6B-4D14-40DF-996B-FA328402BEF5}
	EndGlobalSection
EndGlobal
